
Microsoft Visual Studio Solution File, Format Version 12.00
# Visual Studio Version 16
VisualStudioVersion = 16.0.30503.244
MinimumVisualStudioVersion = 10.0.40219.1
Project("{FAE04EC0-301F-11D3-BF4B-00C04F79EFBC}") = "LR_5", "LR_5\LR_5.csproj", "{52357483-F04F-4E52-A0BA-C024E9113218}"
EndProject
Global
	GlobalSection(SolutionConfigurationPlatforms) = preSolution
		Debug|Any CPU = Debug|Any CPU
		Release|Any CPU = Release|Any CPU
	EndGlobalSection
	GlobalSection(ProjectConfigurationPlatforms) = postSolution
		{52357483-F04F-4E52-A0BA-C024E9113218}.Debug|Any CPU.ActiveCfg = Debug|Any CPU
		{52357483-F04F-4E52-A0BA-C024E9113218}.Debug|Any CPU.Build.0 = Debug|Any CPU
		{52357483-F04F-4E52-A0BA-C024E9113218}.Release|Any CPU.ActiveCfg = Release|Any CPU
		{52357483-F04F-4E52-A0BA-C024E9113218}.Release|Any CPU.Build.0 = Release|Any CPU
	EndGlobalSection
	GlobalSection(SolutionProperties) = preSolution
		HideSolutionNode = FALSE
	EndGlobalSection
	GlobalSection(ExtensibilityGlobals) = postSolution
		SolutionGuid = {7A02343B-CFA8-44A3-87A6-B19A69E9B14D}
	EndGlobalSection
EndGlobal
